// !$*UTF8*$!
{
	archiveVersion = 1;
	classes = {
	};
	objectVersion = 46;
	objects = {

/* Begin PBXBuildFile section */
		B549BE8E1E44E3EE006C3D64 /* AppDelegate.swift in Sources */ = {isa = PBXBuildFile; fileRef = B549BE8D1E44E3EE006C3D64 /* AppDelegate.swift */; };
		B549BE901E44E3EE006C3D64 /* ViewController.swift in Sources */ = {isa = PBXBuildFile; fileRef = B549BE8F1E44E3EE006C3D64 /* ViewController.swift */; };
		B549BE931E44E3EE006C3D64 /* Main.storyboard in Resources */ = {isa = PBXBuildFile; fileRef = B549BE911E44E3EE006C3D64 /* Main.storyboard */; };
		B549BE951E44E3EE006C3D64 /* Assets.xcassets in Resources */ = {isa = PBXBuildFile; fileRef = B549BE941E44E3EE006C3D64 /* Assets.xcassets */; };
		B549BE981E44E3EE006C3D64 /* LaunchScreen.storyboard in Resources */ = {isa = PBXBuildFile; fileRef = B549BE961E44E3EE006C3D64 /* LaunchScreen.storyboard */; };
		B549BEA31E44E3EE006C3D64 /* aria2_iosTests.swift in Sources */ = {isa = PBXBuildFile; fileRef = B549BEA21E44E3EE006C3D64 /* aria2_iosTests.swift */; };
		B549BEAE1E44E3EE006C3D64 /* aria2_iosUITests.swift in Sources */ = {isa = PBXBuildFile; fileRef = B549BEAD1E44E3EE006C3D64 /* aria2_iosUITests.swift */; };
/* End PBXBuildFile section */

/* Begin PBXContainerItemProxy section */
		B549BE9F1E44E3EE006C3D64 /* PBXContainerItemProxy */ = {
			isa = PBXContainerItemProxy;
			containerPortal = B549BE821E44E3ED006C3D64 /* Project object */;
			proxyType = 1;
			remoteGlobalIDString = B549BE891E44E3EE006C3D64;
			remoteInfo = "aria2-ios";
		};
		B549BEAA1E44E3EE006C3D64 /* PBXContainerItemProxy */ = {
			isa = PBXContainerItemProxy;
			containerPortal = B549BE821E44E3ED006C3D64 /* Project object */;
			proxyType = 1;
			remoteGlobalIDString = B549BE891E44E3EE006C3D64;
			remoteInfo = "aria2-ios";
		};
/* End PBXContainerItemProxy section */

/* Begin PBXFileReference section */
		B549BE8A1E44E3EE006C3D64 /* aria2-ios.app */ = {isa = PBXFileReference; explicitFileType = wrapper.application; includeInIndex = 0; path = "aria2-ios.app"; sourceTree = BUILT_PRODUCTS_DIR; };
		B549BE8D1E44E3EE006C3D64 /* AppDelegate.swift */ = {isa = PBXFileReference; lastKnownFileType = sourcecode.swift; path = AppDelegate.swift; sourceTree = "<group>"; };
		B549BE8F1E44E3EE006C3D64 /* ViewController.swift */ = {isa = PBXFileReference; lastKnownFileType = sourcecode.swift; path = ViewController.swift; sourceTree = "<group>"; };
		B549BE921E44E3EE006C3D64 /* Base */ = {isa = PBXFileReference; lastKnownFileType = file.storyboard; name = Base; path = Base.lproj/Main.storyboard; sourceTree = "<group>"; };
		B549BE941E44E3EE006C3D64 /* Assets.xcassets */ = {isa = PBXFileReference; lastKnownFileType = folder.assetcatalog; path = Assets.xcassets; sourceTree = "<group>"; };
		B549BE971E44E3EE006C3D64 /* Base */ = {isa = PBXFileReference; lastKnownFileType = file.storyboard; name = Base; path = Base.lproj/LaunchScreen.storyboard; sourceTree = "<group>"; };
		B549BE991E44E3EE006C3D64 /* Info.plist */ = {isa = PBXFileReference; lastKnownFileType = text.plist.xml; path = Info.plist; sourceTree = "<group>"; };
		B549BE9E1E44E3EE006C3D64 /* aria2-iosTests.xctest */ = {isa = PBXFileReference; explicitFileType = wrapper.cfbundle; includeInIndex = 0; path = "aria2-iosTests.xctest"; sourceTree = BUILT_PRODUCTS_DIR; };
		B549BEA21E44E3EE006C3D64 /* aria2_iosTests.swift */ = {isa = PBXFileReference; lastKnownFileType = sourcecode.swift; path = aria2_iosTests.swift; sourceTree = "<group>"; };
		B549BEA41E44E3EE006C3D64 /* Info.plist */ = {isa = PBXFileReference; lastKnownFileType = text.plist.xml; path = Info.plist; sourceTree = "<group>"; };
		B549BEA91E44E3EE006C3D64 /* aria2-iosUITests.xctest */ = {isa = PBXFileReference; explicitFileType = wrapper.cfbundle; includeInIndex = 0; path = "aria2-iosUITests.xctest"; sourceTree = BUILT_PRODUCTS_DIR; };
		B549BEAD1E44E3EE006C3D64 /* aria2_iosUITests.swift */ = {isa = PBXFileReference; lastKnownFileType = sourcecode.swift; path = aria2_iosUITests.swift; sourceTree = "<group>"; };
		B549BEAF1E44E3EE006C3D64 /* Info.plist */ = {isa = PBXFileReference; lastKnownFileType = text.plist.xml; path = Info.plist; sourceTree = "<group>"; };
/* End PBXFileReference section */

/* Begin PBXFrameworksBuildPhase section */
		B549BE871E44E3EE006C3D64 /* Frameworks */ = {
			isa = PBXFrameworksBuildPhase;
			buildActionMask = 2147483647;
			files = (
			);
			runOnlyForDeploymentPostprocessing = 0;
		};
		B549BE9B1E44E3EE006C3D64 /* Frameworks */ = {
			isa = PBXFrameworksBuildPhase;
			buildActionMask = 2147483647;
			files = (
			);
			runOnlyForDeploymentPostprocessing = 0;
		};
		B549BEA61E44E3EE006C3D64 /* Frameworks */ = {
			isa = PBXFrameworksBuildPhase;
			buildActionMask = 2147483647;
			files = (
			);
			runOnlyForDeploymentPostprocessing = 0;
		};
/* End PBXFrameworksBuildPhase section */

/* Begin PBXGroup section */
		B549BE811E44E3ED006C3D64 = {
			isa = PBXGroup;
			children = (
				B549BE8C1E44E3EE006C3D64 /* aria2-ios */,
				B549BEA11E44E3EE006C3D64 /* aria2-iosTests */,
				B549BEAC1E44E3EE006C3D64 /* aria2-iosUITests */,
				B549BE8B1E44E3EE006C3D64 /* Products */,
			);
			sourceTree = "<group>";
		};
		B549BE8B1E44E3EE006C3D64 /* Products */ = {
			isa = PBXGroup;
			children = (
				B549BE8A1E44E3EE006C3D64 /* aria2-ios.app */,
				B549BE9E1E44E3EE006C3D64 /* aria2-iosTests.xctest */,
				B549BEA91E44E3EE006C3D64 /* aria2-iosUITests.xctest */,
			);
			name = Products;
			sourceTree = "<group>";
		};
		B549BE8C1E44E3EE006C3D64 /* aria2-ios */ = {
			isa = PBXGroup;
			children = (
				B549BE8D1E44E3EE006C3D64 /* AppDelegate.swift */,
				B549BE8F1E44E3EE006C3D64 /* ViewController.swift */,
				B549BE911E44E3EE006C3D64 /* Main.storyboard */,
				B549BE941E44E3EE006C3D64 /* Assets.xcassets */,
				B549BE961E44E3EE006C3D64 /* LaunchScreen.storyboard */,
				B549BE991E44E3EE006C3D64 /* Info.plist */,
			);
			path = "aria2-ios";
			sourceTree = "<group>";
		};
		B549BEA11E44E3EE006C3D64 /* aria2-iosTests */ = {
			isa = PBXGroup;
			children = (
				B549BEA21E44E3EE006C3D64 /* aria2_iosTests.swift */,
				B549BEA41E44E3EE006C3D64 /* Info.plist */,
			);
			path = "aria2-iosTests";
			sourceTree = "<group>";
		};
		B549BEAC1E44E3EE006C3D64 /* aria2-iosUITests */ = {
			isa = PBXGroup;
			children = (
				B549BEAD1E44E3EE006C3D64 /* aria2_iosUITests.swift */,
				B549BEAF1E44E3EE006C3D64 /* Info.plist */,
			);
			path = "aria2-iosUITests";
			sourceTree = "<group>";
		};
/* End PBXGroup section */

/* Begin PBXNativeTarget section */
		B549BE891E44E3EE006C3D64 /* aria2-ios */ = {
			isa = PBXNativeTarget;
			buildConfigurationList = B549BEB21E44E3EE006C3D64 /* Build configuration list for PBXNativeTarget "aria2-ios" */;
			buildPhases = (
				B549BE861E44E3EE006C3D64 /* Sources */,
				B549BE871E44E3EE006C3D64 /* Frameworks */,
				B549BE881E44E3EE006C3D64 /* Resources */,
			);
			buildRules = (
			);
			dependencies = (
			);
			name = "aria2-ios";
			productName = "aria2-ios";
			productReference = B549BE8A1E44E3EE006C3D64 /* aria2-ios.app */;
			productType = "com.apple.product-type.application";
		};
		B549BE9D1E44E3EE006C3D64 /* aria2-iosTests */ = {
			isa = PBXNativeTarget;
			buildConfigurationList = B549BEB51E44E3EE006C3D64 /* Build configuration list for PBXNativeTarget "aria2-iosTests" */;
			buildPhases = (
				B549BE9A1E44E3EE006C3D64 /* Sources */,
				B549BE9B1E44E3EE006C3D64 /* Frameworks */,
				B549BE9C1E44E3EE006C3D64 /* Resources */,
			);
			buildRules = (
			);
			dependencies = (
				B549BEA01E44E3EE006C3D64 /* PBXTargetDependency */,
			);
			name = "aria2-iosTests";
			productName = "aria2-iosTests";
			productReference = B549BE9E1E44E3EE006C3D64 /* aria2-iosTests.xctest */;
			productType = "com.apple.product-type.bundle.unit-test";
		};
		B549BEA81E44E3EE006C3D64 /* aria2-iosUITests */ = {
			isa = PBXNativeTarget;
			buildConfigurationList = B549BEB81E44E3EE006C3D64 /* Build configuration list for PBXNativeTarget "aria2-iosUITests" */;
			buildPhases = (
				B549BEA51E44E3EE006C3D64 /* Sources */,
				B549BEA61E44E3EE006C3D64 /* Frameworks */,
				B549BEA71E44E3EE006C3D64 /* Resources */,
			);
			buildRules = (
			);
			dependencies = (
				B549BEAB1E44E3EE006C3D64 /* PBXTargetDependency */,
			);
			name = "aria2-iosUITests";
			productName = "aria2-iosUITests";
			productReference = B549BEA91E44E3EE006C3D64 /* aria2-iosUITests.xctest */;
			productType = "com.apple.product-type.bundle.ui-testing";
		};
/* End PBXNativeTarget section */

/* Begin PBXProject section */
		B549BE821E44E3ED006C3D64 /* Project object */ = {
			isa = PBXProject;
			attributes = {
				LastSwiftUpdateCheck = 0820;
				LastUpgradeCheck = 0820;
				ORGANIZATIONNAME = "Ricter Zheng";
				TargetAttributes = {
					B549BE891E44E3EE006C3D64 = {
						CreatedOnToolsVersion = 8.2.1;
						DevelopmentTeam = X5767KXUH8;
						ProvisioningStyle = Automatic;
					};
					B549BE9D1E44E3EE006C3D64 = {
						CreatedOnToolsVersion = 8.2.1;
						DevelopmentTeam = X5767KXUH8;
						ProvisioningStyle = Automatic;
						TestTargetID = B549BE891E44E3EE006C3D64;
					};
					B549BEA81E44E3EE006C3D64 = {
						CreatedOnToolsVersion = 8.2.1;
						DevelopmentTeam = X5767KXUH8;
						ProvisioningStyle = Automatic;
						TestTargetID = B549BE891E44E3EE006C3D64;
					};
				};
			};
			buildConfigurationList = B549BE851E44E3ED006C3D64 /* Build configuration list for PBXProject "aria2-ios" */;
			compatibilityVersion = "Xcode 3.2";
			developmentRegion = English;
			hasScannedForEncodings = 0;
			knownRegions = (
				en,
				Base,
			);
			mainGroup = B549BE811E44E3ED006C3D64;
			productRefGroup = B549BE8B1E44E3EE006C3D64 /* Products */;
			projectDirPath = "";
			projectRoot = "";
			targets = (
				B549BE891E44E3EE006C3D64 /* aria2-ios */,
				B549BE9D1E44E3EE006C3D64 /* aria2-iosTests */,
				B549BEA81E44E3EE006C3D64 /* aria2-iosUITests */,
			);
		};
/* End PBXProject section */

/* Begin PBXResourcesBuildPhase section */
		B549BE881E44E3EE006C3D64 /* Resources */ = {
			isa = PBXResourcesBuildPhase;
			buildActionMask = 2147483647;
			files = (
				B549BE981E44E3EE006C3D64 /* LaunchScreen.storyboard in Resources */,
				B549BE951E44E3EE006C3D64 /* Assets.xcassets in Resources */,
				B549BE931E44E3EE006C3D64 /* Main.storyboard in Resources */,
			);
			runOnlyForDeploymentPostprocessing = 0;
		};
		B549BE9C1E44E3EE006C3D64 /* Resources */ = {
			isa = PBXResourcesBuildPhase;
			buildActionMask = 2147483647;
			files = (
			);
			runOnlyForDeploymentPostprocessing = 0;
		};
		B549BEA71E44E3EE006C3D64 /* Resources */ = {
			isa = PBXResourcesBuildPhase;
			buildActionMask = 2147483647;
			files = (
			);
			runOnlyForDeploymentPostprocessing = 0;
		};
/* End PBXResourcesBuildPhase section */

/* Begin PBXSourcesBuildPhase section */
		B549BE861E44E3EE006C3D64 /* Sources */ = {
			isa = PBXSourcesBuildPhase;
			buildActionMask = 2147483647;
			files = (
				B549BE901E44E3EE006C3D64 /* ViewController.swift in Sources */,
				B549BE8E1E44E3EE006C3D64 /* AppDelegate.swift in Sources */,
			);
			runOnlyForDeploymentPostprocessing = 0;
		};
		B549BE9A1E44E3EE006C3D64 /* Sources */ = {
			isa = PBXSourcesBuildPhase;
			buildActionMask = 2147483647;
			files = (
				B549BEA31E44E3EE006C3D64 /* aria2_iosTests.swift in Sources */,
			);
			runOnlyForDeploymentPostprocessing = 0;
		};
		B549BEA51E44E3EE006C3D64 /* Sources */ = {
			isa = PBXSourcesBuildPhase;
			buildActionMask = 2147483647;
			files = (
				B549BEAE1E44E3EE006C3D64 /* aria2_iosUITests.swift in Sources */,
			);
			runOnlyForDeploymentPostprocessing = 0;
		};
/* End PBXSourcesBuildPhase section */

/* Begin PBXTargetDependency section */
		B549BEA01E44E3EE006C3D64 /* PBXTargetDependency */ = {
			isa = PBXTargetDependency;
			target = B549BE891E44E3EE006C3D64 /* aria2-ios */;
			targetProxy = B549BE9F1E44E3EE006C3D64 /* PBXContainerItemProxy */;
		};
		B549BEAB1E44E3EE006C3D64 /* PBXTargetDependency */ = {
			isa = PBXTargetDependency;
			target = B549BE891E44E3EE006C3D64 /* aria2-ios */;
			targetProxy = B549BEAA1E44E3EE006C3D64 /* PBXContainerItemProxy */;
		};
/* End PBXTargetDependency section */

/* Begin PBXVariantGroup section */
		B549BE911E44E3EE006C3D64 /* Main.storyboard */ = {
			isa = PBXVariantGroup;
			children = (
				B549BE921E44E3EE006C3D64 /* Base */,
			);
			name = Main.storyboard;
			sourceTree = "<group>";
		};
		B549BE961E44E3EE006C3D64 /* LaunchScreen.storyboard */ = {
			isa = PBXVariantGroup;
			children = (
				B549BE971E44E3EE006C3D64 /* Base */,
			);
			name = LaunchScreen.storyboard;
			sourceTree = "<group>";
		};
/* End PBXVariantGroup section */

/* Begin XCBuildConfiguration section */
		B549BEB01E44E3EE006C3D64 /* Debug */ = {
			isa = XCBuildConfiguration;
			buildSettings = {
				ALWAYS_SEARCH_USER_PATHS = NO;
				CLANG_ANALYZER_NONNULL = YES;
				CLANG_CXX_LANGUAGE_STANDARD = "gnu++0x";
				CLANG_CXX_LIBRARY = "libc++";
				CLANG_ENABLE_MODULES = YES;
				CLANG_ENABLE_OBJC_ARC = YES;
				CLANG_WARN_BOOL_CONVERSION = YES;
				CLANG_WARN_CONSTANT_CONVERSION = YES;
				CLANG_WARN_DIRECT_OBJC_ISA_USAGE = YES_ERROR;
				CLANG_WARN_DOCUMENTATION_COMMENTS = YES;
				CLANG_WARN_EMPTY_BODY = YES;
				CLANG_WARN_ENUM_CONVERSION = YES;
				CLANG_WARN_INFINITE_RECURSION = YES;
				CLANG_WARN_INT_CONVERSION = YES;
				CLANG_WARN_OBJC_ROOT_CLASS = YES_ERROR;
				CLANG_WARN_SUSPICIOUS_MOVE = YES;
				CLANG_WARN_UNREACHABLE_CODE = YES;
				CLANG_WARN__DUPLICATE_METHOD_MATCH = YES;
				"CODE_SIGN_IDENTITY[sdk=iphoneos*]" = "iPhone Developer";
				COPY_PHASE_STRIP = NO;
				DEBUG_INFORMATION_FORMAT = dwarf;
				ENABLE_STRICT_OBJC_MSGSEND = YES;
				ENABLE_TESTABILITY = YES;
				GCC_C_LANGUAGE_STANDARD = gnu99;
				GCC_DYNAMIC_NO_PIC = NO;
				GCC_NO_COMMON_BLOCKS = YES;
				GCC_OPTIMIZATION_LEVEL = 0;
				GCC_PREPROCESSOR_DEFINITIONS = (
					"DEBUG=1",
					"$(inherited)",
				);
				GCC_WARN_64_TO_32_BIT_CONVERSION = YES;
				GCC_WARN_ABOUT_RETURN_TYPE = YES_ERROR;
				GCC_WARN_UNDECLARED_SELECTOR = YES;
				GCC_WARN_UNINITIALIZED_AUTOS = YES_AGGRESSIVE;
				GCC_WARN_UNUSED_FUNCTION = YES;
				GCC_WARN_UNUSED_VARIABLE = YES;
				IPHONEOS_DEPLOYMENT_TARGET = 10.2;
				MTL_ENABLE_DEBUG_INFO = YES;
				ONLY_ACTIVE_ARCH = YES;
				SDKROOT = iphoneos;
				SWIFT_ACTIVE_COMPILATION_CONDITIONS = DEBUG;
				SWIFT_OPTIMIZATION_LEVEL = "-Onone";
				TARGETED_DEVICE_FAMILY = "1,2";
			};
			name = Debug;
		};
		B549BEB11E44E3EE006C3D64 /* Release */ = {
			isa = XCBuildConfiguration;
			buildSettings = {
				ALWAYS_SEARCH_USER_PATHS = NO;
				CLANG_ANALYZER_NONNULL = YES;
				CLANG_CXX_LANGUAGE_STANDARD = "gnu++0x";
				CLANG_CXX_LIBRARY = "libc++";
				CLANG_ENABLE_MODULES = YES;
				CLANG_ENABLE_OBJC_ARC = YES;
				CLANG_WARN_BOOL_CONVERSION = YES;
				CLANG_WARN_CONSTANT_CONVERSION = YES;
				CLANG_WARN_DIRECT_OBJC_ISA_USAGE = YES_ERROR;
				CLANG_WARN_DOCUMENTATION_COMMENTS = YES;
				CLANG_WARN_EMPTY_BODY = YES;
				CLANG_WARN_ENUM_CONVERSION = YES;
				CLANG_WARN_INFINITE_RECURSION = YES;
				CLANG_WARN_INT_CONVERSION = YES;
				CLANG_WARN_OBJC_ROOT_CLASS = YES_ERROR;
				CLANG_WARN_SUSPICIOUS_MOVE = YES;
				CLANG_WARN_UNREACHABLE_CODE = YES;
				CLANG_WARN__DUPLICATE_METHOD_MATCH = YES;
				"CODE_SIGN_IDENTITY[sdk=iphoneos*]" = "iPhone Developer";
				COPY_PHASE_STRIP = NO;
				DEBUG_INFORMATION_FORMAT = "dwarf-with-dsym";
				ENABLE_NS_ASSERTIONS = NO;
				ENABLE_STRICT_OBJC_MSGSEND = YES;
				GCC_C_LANGUAGE_STANDARD = gnu99;
				GCC_NO_COMMON_BLOCKS = YES;
				GCC_WARN_64_TO_32_BIT_CONVERSION = YES;
				GCC_WARN_ABOUT_RETURN_TYPE = YES_ERROR;
				GCC_WARN_UNDECLARED_SELECTOR = YES;
				GCC_WARN_UNINITIALIZED_AUTOS = YES_AGGRESSIVE;
				GCC_WARN_UNUSED_FUNCTION = YES;
				GCC_WARN_UNUSED_VARIABLE = YES;
				IPHONEOS_DEPLOYMENT_TARGET = 10.2;
				MTL_ENABLE_DEBUG_INFO = NO;
				SDKROOT = iphoneos;
				SWIFT_OPTIMIZATION_LEVEL = "-Owholemodule";
				TARGETED_DEVICE_FAMILY = "1,2";
				VALIDATE_PRODUCT = YES;
			};
			name = Release;
		};
		B549BEB31E44E3EE006C3D64 /* Debug */ = {
			isa = XCBuildConfiguration;
			buildSettings = {
				ASSETCATALOG_COMPILER_APPICON_NAME = AppIcon;
				DEVELOPMENT_TEAM = X5767KXUH8;
				INFOPLIST_FILE = "aria2-ios/Info.plist";
				LD_RUNPATH_SEARCH_PATHS = "$(inherited) @executable_path/Frameworks";
				PRODUCT_BUNDLE_IDENTIFIER = "com.ricterz.aria2-ios";
				PRODUCT_NAME = "$(TARGET_NAME)";
				SWIFT_VERSION = 3.0;
			};
			name = Debug;
		};
		B549BEB41E44E3EE006C3D64 /* Release */ = {
			isa = XCBuildConfiguration;
			buildSettings = {
				ASSETCATALOG_COMPILER_APPICON_NAME = AppIcon;
				DEVELOPMENT_TEAM = X5767KXUH8;
				INFOPLIST_FILE = "aria2-ios/Info.plist";
				LD_RUNPATH_SEARCH_PATHS = "$(inherited) @executable_path/Frameworks";
				PRODUCT_BUNDLE_IDENTIFIER = "com.ricterz.aria2-ios";
				PRODUCT_NAME = "$(TARGET_NAME)";
				SWIFT_VERSION = 3.0;
			};
			name = Release;
		};
		B549BEB61E44E3EE006C3D64 /* Debug */ = {
			isa = XCBuildConfiguration;
			buildSettings = {
				ALWAYS_EMBED_SWIFT_STANDARD_LIBRARIES = YES;
				BUNDLE_LOADER = "$(TEST_HOST)";
				DEVELOPMENT_TEAM = X5767KXUH8;
				INFOPLIST_FILE = "aria2-iosTests/Info.plist";
				LD_RUNPATH_SEARCH_PATHS = "$(inherited) @executable_path/Frameworks @loader_path/Frameworks";
				PRODUCT_BUNDLE_IDENTIFIER = "com.ricterz.aria2-iosTests";
				PRODUCT_NAME = "$(TARGET_NAME)";
				SWIFT_VERSION = 3.0;
				TEST_HOST = "$(BUILT_PRODUCTS_DIR)/aria2-ios.app/aria2-ios";
			};
			name = Debug;
		};
		B549BEB71E44E3EE006C3D64 /* Release */ = {
			isa = XCBuildConfiguration;
			buildSettings = {
				ALWAYS_EMBED_SWIFT_STANDARD_LIBRARIES = YES;
				BUNDLE_LOADER = "$(TEST_HOST)";
				DEVELOPMENT_TEAM = X5767KXUH8;
				INFOPLIST_FILE = "aria2-iosTests/Info.plist";
				LD_RUNPATH_SEARCH_PATHS = "$(inherited) @executable_path/Frameworks @loader_path/Frameworks";
				PRODUCT_BUNDLE_IDENTIFIER = "com.ricterz.aria2-iosTests";
				PRODUCT_NAME = "$(TARGET_NAME)";
				SWIFT_VERSION = 3.0;
				TEST_HOST = "$(BUILT_PRODUCTS_DIR)/aria2-ios.app/aria2-ios";
			};
			name = Release;
		};
		B549BEB91E44E3EE006C3D64 /* Debug */ = {
			isa = XCBuildConfiguration;
			buildSettings = {
				ALWAYS_EMBED_SWIFT_STANDARD_LIBRARIES = YES;
				DEVELOPMENT_TEAM = X5767KXUH8;
				INFOPLIST_FILE = "aria2-iosUITests/Info.plist";
				LD_RUNPATH_SEARCH_PATHS = "$(inherited) @executable_path/Frameworks @loader_path/Frameworks";
				PRODUCT_BUNDLE_IDENTIFIER = "com.ricterz.aria2-iosUITests";
				PRODUCT_NAME = "$(TARGET_NAME)";
				SWIFT_VERSION = 3.0;
				TEST_TARGET_NAME = "aria2-ios";
			};
			name = Debug;
		};
		B549BEBA1E44E3EE006C3D64 /* Release */ = {
			isa = XCBuildConfiguration;
			buildSettings = {
				ALWAYS_EMBED_SWIFT_STANDARD_LIBRARIES = YES;
				DEVELOPMENT_TEAM = X5767KXUH8;
				INFOPLIST_FILE = "aria2-iosUITests/Info.plist";
				LD_RUNPATH_SEARCH_PATHS = "$(inherited) @executable_path/Frameworks @loader_path/Frameworks";
				PRODUCT_BUNDLE_IDENTIFIER = "com.ricterz.aria2-iosUITests";
				PRODUCT_NAME = "$(TARGET_NAME)";
				SWIFT_VERSION = 3.0;
				TEST_TARGET_NAME = "aria2-ios";
			};
			name = Release;
		};
/* End XCBuildConfiguration section */

/* Begin XCConfigurationList section */
		B549BE851E44E3ED006C3D64 /* Build configuration list for PBXProject "aria2-ios" */ = {
			isa = XCConfigurationList;
			buildConfigurations = (
				B549BEB01E44E3EE006C3D64 /* Debug */,
				B549BEB11E44E3EE006C3D64 /* Release */,
			);
			defaultConfigurationIsVisible = 0;
			defaultConfigurationName = Release;
		};
		B549BEB21E44E3EE006C3D64 /* Build configuration list for PBXNativeTarget "aria2-ios" */ = {
			isa = XCConfigurationList;
			buildConfigurations = (
				B549BEB31E44E3EE006C3D64 /* Debug */,
				B549BEB41E44E3EE006C3D64 /* Release */,
			);
			defaultConfigurationIsVisible = 0;
		};
		B549BEB51E44E3EE006C3D64 /* Build configuration list for PBXNativeTarget "aria2-iosTests" */ = {
			isa = XCConfigurationList;
			buildConfigurations = (
				B549BEB61E44E3EE006C3D64 /* Debug */,
				B549BEB71E44E3EE006C3D64 /* Release */,
			);
			defaultConfigurationIsVisible = 0;
		};
		B549BEB81E44E3EE006C3D64 /* Build configuration list for PBXNativeTarget "aria2-iosUITests" */ = {
			isa = XCConfigurationList;
			buildConfigurations = (
				B549BEB91E44E3EE006C3D64 /* Debug */,
				B549BEBA1E44E3EE006C3D64 /* Release */,
			);
			defaultConfigurationIsVisible = 0;
		};
/* End XCConfigurationList section */
	};
	rootObject = B549BE821E44E3ED006C3D64 /* Project object */;
}
